// !$*UTF8*$!
{
	archiveVersion = 1;
	classes = {
	};
	objectVersion = 56;
	objects = {

/* Begin PBXBuildFile section */
		D83FDCCB298699400081D8BE /* LandMarksApp.swift in Sources */ = {isa = PBXBuildFile; fileRef = D83FDCCA298699400081D8BE /* LandMarksApp.swift */; };
		D83FDCCD298699400081D8BE /* ContentView.swift in Sources */ = {isa = PBXBuildFile; fileRef = D83FDCCC298699400081D8BE /* ContentView.swift */; };
		D83FDCCF298699410081D8BE /* Assets.xcassets in Resources */ = {isa = PBXBuildFile; fileRef = D83FDCCE298699410081D8BE /* Assets.xcassets */; };
		D83FDCD2298699410081D8BE /* Preview Assets.xcassets in Resources */ = {isa = PBXBuildFile; fileRef = D83FDCD1298699410081D8BE /* Preview Assets.xcassets */; };
		D83FDCD92986A4B60081D8BE /* CircleImage.swift in Sources */ = {isa = PBXBuildFile; fileRef = D83FDCD82986A4B60081D8BE /* CircleImage.swift */; };
		D83FDCDB2986A6810081D8BE /* MapView.swift in Sources */ = {isa = PBXBuildFile; fileRef = D83FDCDA2986A6810081D8BE /* MapView.swift */; };
		D83FDCDD2986B7460081D8BE /* landmarkData.json in Resources */ = {isa = PBXBuildFile; fileRef = D83FDCDC2986B7460081D8BE /* landmarkData.json */; };
		D83FDCDF2986B7570081D8BE /* Landmark.swift in Sources */ = {isa = PBXBuildFile; fileRef = D83FDCDE2986B7570081D8BE /* Landmark.swift */; };
		D83FDCE129880BFA0081D8BE /* ModelData.swift in Sources */ = {isa = PBXBuildFile; fileRef = D83FDCE029880BFA0081D8BE /* ModelData.swift */; };
		D83FDCE6298810460081D8BE /* LandmarkRow.swift in Sources */ = {isa = PBXBuildFile; fileRef = D83FDCE5298810460081D8BE /* LandmarkRow.swift */; };
		D83FDCE8298813A90081D8BE /* LandmarkList.swift in Sources */ = {isa = PBXBuildFile; fileRef = D83FDCE7298813A90081D8BE /* LandmarkList.swift */; };
		D83FDCEA298818440081D8BE /* LandmarkDetail.swift in Sources */ = {isa = PBXBuildFile; fileRef = D83FDCE9298818440081D8BE /* LandmarkDetail.swift */; };
		D83FDCEC29894FD30081D8BE /* FavoriteButton.swift in Sources */ = {isa = PBXBuildFile; fileRef = D83FDCEB29894FD30081D8BE /* FavoriteButton.swift */; };
		D83FDCF0298A86AD0081D8BE /* HexagonParameters.swift in Sources */ = {isa = PBXBuildFile; fileRef = D83FDCEF298A86AD0081D8BE /* HexagonParameters.swift */; };
		D83FDCF2298A8A5C0081D8BE /* BadgeBackground.swift in Sources */ = {isa = PBXBuildFile; fileRef = D83FDCF1298A8A5C0081D8BE /* BadgeBackground.swift */; };
		D83FDCF4298A97830081D8BE /* BadgeSymbol.swift in Sources */ = {isa = PBXBuildFile; fileRef = D83FDCF3298A97830081D8BE /* BadgeSymbol.swift */; };
		D83FDCF6298A982E0081D8BE /* RotatedBadgeSymbol.swift in Sources */ = {isa = PBXBuildFile; fileRef = D83FDCF5298A982E0081D8BE /* RotatedBadgeSymbol.swift */; };
		D83FDCF8298A98540081D8BE /* Badge.swift in Sources */ = {isa = PBXBuildFile; fileRef = D83FDCF7298A98540081D8BE /* Badge.swift */; };
		D83FDCFB298AB2010081D8BE /* hikeData.json in Resources */ = {isa = PBXBuildFile; fileRef = D83FDCFA298AB2010081D8BE /* hikeData.json */; };
		D83FDCFD298AB22E0081D8BE /* Hike.swift in Sources */ = {isa = PBXBuildFile; fileRef = D83FDCFC298AB22E0081D8BE /* Hike.swift */; };
		D83FDD03298AB3BC0081D8BE /* GraphCapsule.swift in Sources */ = {isa = PBXBuildFile; fileRef = D83FDCFF298AB3BC0081D8BE /* GraphCapsule.swift */; };
		D83FDD04298AB3BC0081D8BE /* HikeGraph.swift in Sources */ = {isa = PBXBuildFile; fileRef = D83FDD00298AB3BC0081D8BE /* HikeGraph.swift */; };
		D83FDD05298AB3BC0081D8BE /* HikeDetail.swift in Sources */ = {isa = PBXBuildFile; fileRef = D83FDD01298AB3BC0081D8BE /* HikeDetail.swift */; };
		D83FDD06298AB3BC0081D8BE /* HikeView.swift in Sources */ = {isa = PBXBuildFile; fileRef = D83FDD02298AB3BC0081D8BE /* HikeView.swift */; };
/* End PBXBuildFile section */

/* Begin PBXFileReference section */
		D83FDCC7298699400081D8BE /* LandMarks.app */ = {isa = PBXFileReference; explicitFileType = wrapper.application; includeInIndex = 0; path = LandMarks.app; sourceTree = BUILT_PRODUCTS_DIR; };
		D83FDCCA298699400081D8BE /* LandMarksApp.swift */ = {isa = PBXFileReference; lastKnownFileType = sourcecode.swift; path = LandMarksApp.swift; sourceTree = "<group>"; };
		D83FDCCC298699400081D8BE /* ContentView.swift */ = {isa = PBXFileReference; lastKnownFileType = sourcecode.swift; path = ContentView.swift; sourceTree = "<group>"; };
		D83FDCCE298699410081D8BE /* Assets.xcassets */ = {isa = PBXFileReference; lastKnownFileType = folder.assetcatalog; path = Assets.xcassets; sourceTree = "<group>"; };
		D83FDCD1298699410081D8BE /* Preview Assets.xcassets */ = {isa = PBXFileReference; lastKnownFileType = folder.assetcatalog; path = "Preview Assets.xcassets"; sourceTree = "<group>"; };
		D83FDCD82986A4B60081D8BE /* CircleImage.swift */ = {isa = PBXFileReference; lastKnownFileType = sourcecode.swift; path = CircleImage.swift; sourceTree = "<group>"; };
		D83FDCDA2986A6810081D8BE /* MapView.swift */ = {isa = PBXFileReference; lastKnownFileType = sourcecode.swift; path = MapView.swift; sourceTree = "<group>"; };
		D83FDCDC2986B7460081D8BE /* landmarkData.json */ = {isa = PBXFileReference; fileEncoding = 4; lastKnownFileType = text.json; path = landmarkData.json; sourceTree = "<group>"; };
		D83FDCDE2986B7570081D8BE /* Landmark.swift */ = {isa = PBXFileReference; lastKnownFileType = sourcecode.swift; path = Landmark.swift; sourceTree = "<group>"; };
		D83FDCE029880BFA0081D8BE /* ModelData.swift */ = {isa = PBXFileReference; lastKnownFileType = sourcecode.swift; path = ModelData.swift; sourceTree = "<group>"; };
		D83FDCE5298810460081D8BE /* LandmarkRow.swift */ = {isa = PBXFileReference; lastKnownFileType = sourcecode.swift; path = LandmarkRow.swift; sourceTree = "<group>"; };
		D83FDCE7298813A90081D8BE /* LandmarkList.swift */ = {isa = PBXFileReference; lastKnownFileType = sourcecode.swift; path = LandmarkList.swift; sourceTree = "<group>"; };
		D83FDCE9298818440081D8BE /* LandmarkDetail.swift */ = {isa = PBXFileReference; lastKnownFileType = sourcecode.swift; path = LandmarkDetail.swift; sourceTree = "<group>"; };
		D83FDCEB29894FD30081D8BE /* FavoriteButton.swift */ = {isa = PBXFileReference; lastKnownFileType = sourcecode.swift; path = FavoriteButton.swift; sourceTree = "<group>"; };
		D83FDCEF298A86AD0081D8BE /* HexagonParameters.swift */ = {isa = PBXFileReference; lastKnownFileType = sourcecode.swift; path = HexagonParameters.swift; sourceTree = "<group>"; };
		D83FDCF1298A8A5C0081D8BE /* BadgeBackground.swift */ = {isa = PBXFileReference; lastKnownFileType = sourcecode.swift; path = BadgeBackground.swift; sourceTree = "<group>"; };
		D83FDCF3298A97830081D8BE /* BadgeSymbol.swift */ = {isa = PBXFileReference; lastKnownFileType = sourcecode.swift; path = BadgeSymbol.swift; sourceTree = "<group>"; };
		D83FDCF5298A982E0081D8BE /* RotatedBadgeSymbol.swift */ = {isa = PBXFileReference; lastKnownFileType = sourcecode.swift; path = RotatedBadgeSymbol.swift; sourceTree = "<group>"; };
		D83FDCF7298A98540081D8BE /* Badge.swift */ = {isa = PBXFileReference; lastKnownFileType = sourcecode.swift; path = Badge.swift; sourceTree = "<group>"; };
		D83FDCFA298AB2010081D8BE /* hikeData.json */ = {isa = PBXFileReference; fileEncoding = 4; lastKnownFileType = text.json; path = hikeData.json; sourceTree = "<group>"; };
		D83FDCFC298AB22E0081D8BE /* Hike.swift */ = {isa = PBXFileReference; lastKnownFileType = sourcecode.swift; path = Hike.swift; sourceTree = "<group>"; };
		D83FDCFF298AB3BC0081D8BE /* GraphCapsule.swift */ = {isa = PBXFileReference; fileEncoding = 4; lastKnownFileType = sourcecode.swift; path = GraphCapsule.swift; sourceTree = "<group>"; };
		D83FDD00298AB3BC0081D8BE /* HikeGraph.swift */ = {isa = PBXFileReference; fileEncoding = 4; lastKnownFileType = sourcecode.swift; path = HikeGraph.swift; sourceTree = "<group>"; };
		D83FDD01298AB3BC0081D8BE /* HikeDetail.swift */ = {isa = PBXFileReference; fileEncoding = 4; lastKnownFileType = sourcecode.swift; path = HikeDetail.swift; sourceTree = "<group>"; };
		D83FDD02298AB3BC0081D8BE /* HikeView.swift */ = {isa = PBXFileReference; fileEncoding = 4; lastKnownFileType = sourcecode.swift; path = HikeView.swift; sourceTree = "<group>"; };
/* End PBXFileReference section */

/* Begin PBXFrameworksBuildPhase section */
		D83FDCC4298699400081D8BE /* Frameworks */ = {
			isa = PBXFrameworksBuildPhase;
			buildActionMask = 2147483647;
			files = (
			);
			runOnlyForDeploymentPostprocessing = 0;
		};
/* End PBXFrameworksBuildPhase section */

/* Begin PBXGroup section */
		D83FDCBE298699400081D8BE = {
			isa = PBXGroup;
			children = (
				D83FDCC9298699400081D8BE /* LandMarks */,
				D83FDCC8298699400081D8BE /* Products */,
			);
			sourceTree = "<group>";
		};
		D83FDCC8298699400081D8BE /* Products */ = {
			isa = PBXGroup;
			children = (
				D83FDCC7298699400081D8BE /* LandMarks.app */,
			);
			name = Products;
			sourceTree = "<group>";
		};
		D83FDCC9298699400081D8BE /* LandMarks */ = {
			isa = PBXGroup;
			children = (
				D83FDCCA298699400081D8BE /* LandMarksApp.swift */,
				D83FDCE229880F820081D8BE /* Views */,
				D83FDCCE298699410081D8BE /* Assets.xcassets */,
				D83FDCD0298699410081D8BE /* Preview Content */,
				D83FDCE429880F930081D8BE /* Resources */,
				D83FDCE329880F8B0081D8BE /* Models */,
				D83FDCFE298AB3BC0081D8BE /* Hikes */,
				D83FDCF9298A98CE0081D8BE /* Badges */,
			);
			path = LandMarks;
			sourceTree = "<group>";
		};
		D83FDCD0298699410081D8BE /* Preview Content */ = {
			isa = PBXGroup;
			children = (
				D83FDCD1298699410081D8BE /* Preview Assets.xcassets */,
			);
			path = "Preview Content";
			sourceTree = "<group>";
		};
		D83FDCE229880F820081D8BE /* Views */ = {
			isa = PBXGroup;
			children = (
				D83FDCCC298699400081D8BE /* ContentView.swift */,
				D83FDCED2989516C0081D8BE /* Helpers */,
				D83FDCEE298951730081D8BE /* Landmarks */,
			);
			path = Views;
			sourceTree = "<group>";
		};
		D83FDCE329880F8B0081D8BE /* Models */ = {
			isa = PBXGroup;
			children = (
				D83FDCDE2986B7570081D8BE /* Landmark.swift */,
				D83FDCE029880BFA0081D8BE /* ModelData.swift */,
				D83FDCFC298AB22E0081D8BE /* Hike.swift */,
			);
			path = Models;
			sourceTree = "<group>";
		};
		D83FDCE429880F930081D8BE /* Resources */ = {
			isa = PBXGroup;
			children = (
				D83FDCFA298AB2010081D8BE /* hikeData.json */,
				D83FDCDC2986B7460081D8BE /* landmarkData.json */,
			);
			path = Resources;
			sourceTree = "<group>";
		};
		D83FDCED2989516C0081D8BE /* Helpers */ = {
			isa = PBXGroup;
			children = (
				D83FDCD82986A4B60081D8BE /* CircleImage.swift */,
				D83FDCDA2986A6810081D8BE /* MapView.swift */,
				D83FDCEB29894FD30081D8BE /* FavoriteButton.swift */,
			);
			path = Helpers;
			sourceTree = "<group>";
		};
		D83FDCEE298951730081D8BE /* Landmarks */ = {
			isa = PBXGroup;
			children = (
				D83FDCE5298810460081D8BE /* LandmarkRow.swift */,
				D83FDCE7298813A90081D8BE /* LandmarkList.swift */,
				D83FDCE9298818440081D8BE /* LandmarkDetail.swift */,
			);
			path = Landmarks;
			sourceTree = "<group>";
		};
		D83FDCF9298A98CE0081D8BE /* Badges */ = {
			isa = PBXGroup;
			children = (
				D83FDCEF298A86AD0081D8BE /* HexagonParameters.swift */,
				D83FDCF1298A8A5C0081D8BE /* BadgeBackground.swift */,
				D83FDCF3298A97830081D8BE /* BadgeSymbol.swift */,
				D83FDCF5298A982E0081D8BE /* RotatedBadgeSymbol.swift */,
				D83FDCF7298A98540081D8BE /* Badge.swift */,
			);
			path = Badges;
			sourceTree = "<group>";
		};
		D83FDCFE298AB3BC0081D8BE /* Hikes */ = {
			isa = PBXGroup;
			children = (
				D83FDCFF298AB3BC0081D8BE /* GraphCapsule.swift */,
				D83FDD00298AB3BC0081D8BE /* HikeGraph.swift */,
				D83FDD01298AB3BC0081D8BE /* HikeDetail.swift */,
				D83FDD02298AB3BC0081D8BE /* HikeView.swift */,
			);
			path = Hikes;
			sourceTree = "<group>";
		};
/* End PBXGroup section */

/* Begin PBXNativeTarget section */
		D83FDCC6298699400081D8BE /* LandMarks */ = {
			isa = PBXNativeTarget;
			buildConfigurationList = D83FDCD5298699410081D8BE /* Build configuration list for PBXNativeTarget "LandMarks" */;
			buildPhases = (
				D83FDCC3298699400081D8BE /* Sources */,
				D83FDCC4298699400081D8BE /* Frameworks */,
				D83FDCC5298699400081D8BE /* Resources */,
			);
			buildRules = (
			);
			dependencies = (
			);
			name = LandMarks;
			productName = LandMarks;
			productReference = D83FDCC7298699400081D8BE /* LandMarks.app */;
			productType = "com.apple.product-type.application";
		};
/* End PBXNativeTarget section */

/* Begin PBXProject section */
		D83FDCBF298699400081D8BE /* Project object */ = {
			isa = PBXProject;
			attributes = {
				BuildIndependentTargetsInParallel = 1;
				LastSwiftUpdateCheck = 1410;
				LastUpgradeCheck = 1410;
				TargetAttributes = {
					D83FDCC6298699400081D8BE = {
						CreatedOnToolsVersion = 14.1;
					};
				};
			};
			buildConfigurationList = D83FDCC2298699400081D8BE /* Build configuration list for PBXProject "LandMarks" */;
			compatibilityVersion = "Xcode 14.0";
			developmentRegion = en;
			hasScannedForEncodings = 0;
			knownRegions = (
				en,
				Base,
			);
			mainGroup = D83FDCBE298699400081D8BE;
			productRefGroup = D83FDCC8298699400081D8BE /* Products */;
			projectDirPath = "";
			projectRoot = "";
			targets = (
				D83FDCC6298699400081D8BE /* LandMarks */,
			);
		};
/* End PBXProject section */

/* Begin PBXResourcesBuildPhase section */
		D83FDCC5298699400081D8BE /* Resources */ = {
			isa = PBXResourcesBuildPhase;
			buildActionMask = 2147483647;
			files = (
				D83FDCFB298AB2010081D8BE /* hikeData.json in Resources */,
				D83FDCD2298699410081D8BE /* Preview Assets.xcassets in Resources */,
				D83FDCCF298699410081D8BE /* Assets.xcassets in Resources */,
				D83FDCDD2986B7460081D8BE /* landmarkData.json in Resources */,
			);
			runOnlyForDeploymentPostprocessing = 0;
		};
/* End PBXResourcesBuildPhase section */

/* Begin PBXSourcesBuildPhase section */
		D83FDCC3298699400081D8BE /* Sources */ = {
			isa = PBXSourcesBuildPhase;
			buildActionMask = 2147483647;
			files = (
				D83FDCCD298699400081D8BE /* ContentView.swift in Sources */,
				D83FDD04298AB3BC0081D8BE /* HikeGraph.swift in Sources */,
				D83FDCF8298A98540081D8BE /* Badge.swift in Sources */,
				D83FDCDB2986A6810081D8BE /* MapView.swift in Sources */,
				D83FDD03298AB3BC0081D8BE /* GraphCapsule.swift in Sources */,
				D83FDCCB298699400081D8BE /* LandMarksApp.swift in Sources */,
				D83FDCEC29894FD30081D8BE /* FavoriteButton.swift in Sources */,
				D83FDD05298AB3BC0081D8BE /* HikeDetail.swift in Sources */,
				D83FDCF0298A86AD0081D8BE /* HexagonParameters.swift in Sources */,
				D83FDCFD298AB22E0081D8BE /* Hike.swift in Sources */,
				D83FDCF6298A982E0081D8BE /* RotatedBadgeSymbol.swift in Sources */,
				D83FDCF4298A97830081D8BE /* BadgeSymbol.swift in Sources */,
				D83FDCE8298813A90081D8BE /* LandmarkList.swift in Sources */,
				D83FDD06298AB3BC0081D8BE /* HikeView.swift in Sources */,
				D83FDCEA298818440081D8BE /* LandmarkDetail.swift in Sources */,
				D83FDCF2298A8A5C0081D8BE /* BadgeBackground.swift in Sources */,
				D83FDCD92986A4B60081D8BE /* CircleImage.swift in Sources */,
				D83FDCDF2986B7570081D8BE /* Landmark.swift in Sources */,
				D83FDCE6298810460081D8BE /* LandmarkRow.swift in Sources */,
				D83FDCE129880BFA0081D8BE /* ModelData.swift in Sources */,
			);
			runOnlyForDeploymentPostprocessing = 0;
		};
/* End PBXSourcesBuildPhase section */

/* Begin XCBuildConfiguration section */
		D83FDCD3298699410081D8BE /* Debug */ = {
			isa = XCBuildConfiguration;
			buildSettings = {
				ALWAYS_SEARCH_USER_PATHS = NO;
				CLANG_ANALYZER_NONNULL = YES;
				CLANG_ANALYZER_NUMBER_OBJECT_CONVERSION = YES_AGGRESSIVE;
				CLANG_CXX_LANGUAGE_STANDARD = "gnu++20";
				CLANG_ENABLE_MODULES = YES;
				CLANG_ENABLE_OBJC_ARC = YES;
				CLANG_ENABLE_OBJC_WEAK = YES;
				CLANG_WARN_BLOCK_CAPTURE_AUTORELEASING = YES;
				CLANG_WARN_BOOL_CONVERSION = YES;
				CLANG_WARN_COMMA = YES;
				CLANG_WARN_CONSTANT_CONVERSION = YES;
				CLANG_WARN_DEPRECATED_OBJC_IMPLEMENTATIONS = YES;
				CLANG_WARN_DIRECT_OBJC_ISA_USAGE = YES_ERROR;
				CLANG_WARN_DOCUMENTATION_COMMENTS = YES;
				CLANG_WARN_EMPTY_BODY = YES;
				CLANG_WARN_ENUM_CONVERSION = YES;
				CLANG_WARN_INFINITE_RECURSION = YES;
				CLANG_WARN_INT_CONVERSION = YES;
				CLANG_WARN_NON_LITERAL_NULL_CONVERSION = YES;
				CLANG_WARN_OBJC_IMPLICIT_RETAIN_SELF = YES;
				CLANG_WARN_OBJC_LITERAL_CONVERSION = YES;
				CLANG_WARN_OBJC_ROOT_CLASS = YES_ERROR;
				CLANG_WARN_QUOTED_INCLUDE_IN_FRAMEWORK_HEADER = YES;
				CLANG_WARN_RANGE_LOOP_ANALYSIS = YES;
				CLANG_WARN_STRICT_PROTOTYPES = YES;
				CLANG_WARN_SUSPICIOUS_MOVE = YES;
				CLANG_WARN_UNGUARDED_AVAILABILITY = YES_AGGRESSIVE;
				CLANG_WARN_UNREACHABLE_CODE = YES;
				CLANG_WARN__DUPLICATE_METHOD_MATCH = YES;
				COPY_PHASE_STRIP = NO;
				DEBUG_INFORMATION_FORMAT = dwarf;
				ENABLE_STRICT_OBJC_MSGSEND = YES;
				ENABLE_TESTABILITY = YES;
				GCC_C_LANGUAGE_STANDARD = gnu11;
				GCC_DYNAMIC_NO_PIC = NO;
				GCC_NO_COMMON_BLOCKS = YES;
				GCC_OPTIMIZATION_LEVEL = 0;
				GCC_PREPROCESSOR_DEFINITIONS = (
					"DEBUG=1",
					"$(inherited)",
				);
				GCC_WARN_64_TO_32_BIT_CONVERSION = YES;
				GCC_WARN_ABOUT_RETURN_TYPE = YES_ERROR;
				GCC_WARN_UNDECLARED_SELECTOR = YES;
				GCC_WARN_UNINITIALIZED_AUTOS = YES_AGGRESSIVE;
				GCC_WARN_UNUSED_FUNCTION = YES;
				GCC_WARN_UNUSED_VARIABLE = YES;
				IPHONEOS_DEPLOYMENT_TARGET = 16.1;
				MTL_ENABLE_DEBUG_INFO = INCLUDE_SOURCE;
				MTL_FAST_MATH = YES;
				ONLY_ACTIVE_ARCH = YES;
				SDKROOT = iphoneos;
				SWIFT_ACTIVE_COMPILATION_CONDITIONS = DEBUG;
				SWIFT_OPTIMIZATION_LEVEL = "-Onone";
			};
			name = Debug;
		};
		D83FDCD4298699410081D8BE /* Release */ = {
			isa = XCBuildConfiguration;
			buildSettings = {
				ALWAYS_SEARCH_USER_PATHS = NO;
				CLANG_ANALYZER_NONNULL = YES;
				CLANG_ANALYZER_NUMBER_OBJECT_CONVERSION = YES_AGGRESSIVE;
				CLANG_CXX_LANGUAGE_STANDARD = "gnu++20";
				CLANG_ENABLE_MODULES = YES;
				CLANG_ENABLE_OBJC_ARC = YES;
				CLANG_ENABLE_OBJC_WEAK = YES;
				CLANG_WARN_BLOCK_CAPTURE_AUTORELEASING = YES;
				CLANG_WARN_BOOL_CONVERSION = YES;
				CLANG_WARN_COMMA = YES;
				CLANG_WARN_CONSTANT_CONVERSION = YES;
				CLANG_WARN_DEPRECATED_OBJC_IMPLEMENTATIONS = YES;
				CLANG_WARN_DIRECT_OBJC_ISA_USAGE = YES_ERROR;
				CLANG_WARN_DOCUMENTATION_COMMENTS = YES;
				CLANG_WARN_EMPTY_BODY = YES;
				CLANG_WARN_ENUM_CONVERSION = YES;
				CLANG_WARN_INFINITE_RECURSION = YES;
				CLANG_WARN_INT_CONVERSION = YES;
				CLANG_WARN_NON_LITERAL_NULL_CONVERSION = YES;
				CLANG_WARN_OBJC_IMPLICIT_RETAIN_SELF = YES;
				CLANG_WARN_OBJC_LITERAL_CONVERSION = YES;
				CLANG_WARN_OBJC_ROOT_CLASS = YES_ERROR;
				CLANG_WARN_QUOTED_INCLUDE_IN_FRAMEWORK_HEADER = YES;
				CLANG_WARN_RANGE_LOOP_ANALYSIS = YES;
				CLANG_WARN_STRICT_PROTOTYPES = YES;
				CLANG_WARN_SUSPICIOUS_MOVE = YES;
				CLANG_WARN_UNGUARDED_AVAILABILITY = YES_AGGRESSIVE;
				CLANG_WARN_UNREACHABLE_CODE = YES;
				CLANG_WARN__DUPLICATE_METHOD_MATCH = YES;
				COPY_PHASE_STRIP = NO;
				DEBUG_INFORMATION_FORMAT = "dwarf-with-dsym";
				ENABLE_NS_ASSERTIONS = NO;
				ENABLE_STRICT_OBJC_MSGSEND = YES;
				GCC_C_LANGUAGE_STANDARD = gnu11;
				GCC_NO_COMMON_BLOCKS = YES;
				GCC_WARN_64_TO_32_BIT_CONVERSION = YES;
				GCC_WARN_ABOUT_RETURN_TYPE = YES_ERROR;
				GCC_WARN_UNDECLARED_SELECTOR = YES;
				GCC_WARN_UNINITIALIZED_AUTOS = YES_AGGRESSIVE;
				GCC_WARN_UNUSED_FUNCTION = YES;
				GCC_WARN_UNUSED_VARIABLE = YES;
				IPHONEOS_DEPLOYMENT_TARGET = 16.1;
				MTL_ENABLE_DEBUG_INFO = NO;
				MTL_FAST_MATH = YES;
				SDKROOT = iphoneos;
				SWIFT_COMPILATION_MODE = wholemodule;
				SWIFT_OPTIMIZATION_LEVEL = "-O";
				VALIDATE_PRODUCT = YES;
			};
			name = Release;
		};
		D83FDCD6298699410081D8BE /* Debug */ = {
			isa = XCBuildConfiguration;
			buildSettings = {
				ASSETCATALOG_COMPILER_APPICON_NAME = AppIcon;
				ASSETCATALOG_COMPILER_GLOBAL_ACCENT_COLOR_NAME = AccentColor;
				CODE_SIGN_STYLE = Automatic;
				CURRENT_PROJECT_VERSION = 1;
				DEVELOPMENT_ASSET_PATHS = "\"LandMarks/Preview Content\"";
				DEVELOPMENT_TEAM = Q9UQ8U75N8;
				ENABLE_PREVIEWS = YES;
				GENERATE_INFOPLIST_FILE = YES;
				INFOPLIST_KEY_UIApplicationSceneManifest_Generation = YES;
				INFOPLIST_KEY_UIApplicationSupportsIndirectInputEvents = YES;
				INFOPLIST_KEY_UILaunchScreen_Generation = YES;
				INFOPLIST_KEY_UISupportedInterfaceOrientations_iPad = "UIInterfaceOrientationPortrait UIInterfaceOrientationPortraitUpsideDown UIInterfaceOrientationLandscapeLeft UIInterfaceOrientationLandscapeRight";
				INFOPLIST_KEY_UISupportedInterfaceOrientations_iPhone = "UIInterfaceOrientationPortrait UIInterfaceOrientationLandscapeLeft UIInterfaceOrientationLandscapeRight";
				LD_RUNPATH_SEARCH_PATHS = (
					"$(inherited)",
					"@executable_path/Frameworks",
				);
				MARKETING_VERSION = 1.0;
				PRODUCT_BUNDLE_IDENTIFIER = com.dodor.LandMarks;
				PRODUCT_NAME = "$(TARGET_NAME)";
				SWIFT_EMIT_LOC_STRINGS = YES;
				SWIFT_VERSION = 5.0;
				TARGETED_DEVICE_FAMILY = "1,2";
			};
			name = Debug;
		};
		D83FDCD7298699410081D8BE /* Release */ = {
			isa = XCBuildConfiguration;
			buildSettings = {
				ASSETCATALOG_COMPILER_APPICON_NAME = AppIcon;
				ASSETCATALOG_COMPILER_GLOBAL_ACCENT_COLOR_NAME = AccentColor;
				CODE_SIGN_STYLE = Automatic;
				CURRENT_PROJECT_VERSION = 1;
				DEVELOPMENT_ASSET_PATHS = "\"LandMarks/Preview Content\"";
				DEVELOPMENT_TEAM = Q9UQ8U75N8;
				ENABLE_PREVIEWS = YES;
				GENERATE_INFOPLIST_FILE = YES;
				INFOPLIST_KEY_UIApplicationSceneManifest_Generation = YES;
				INFOPLIST_KEY_UIApplicationSupportsIndirectInputEvents = YES;
				INFOPLIST_KEY_UILaunchScreen_Generation = YES;
				INFOPLIST_KEY_UISupportedInterfaceOrientations_iPad = "UIInterfaceOrientationPortrait UIInterfaceOrientationPortraitUpsideDown UIInterfaceOrientationLandscapeLeft UIInterfaceOrientationLandscapeRight";
				INFOPLIST_KEY_UISupportedInterfaceOrientations_iPhone = "UIInterfaceOrientationPortrait UIInterfaceOrientationLandscapeLeft UIInterfaceOrientationLandscapeRight";
				LD_RUNPATH_SEARCH_PATHS = (
					"$(inherited)",
					"@executable_path/Frameworks",
				);
				MARKETING_VERSION = 1.0;
				PRODUCT_BUNDLE_IDENTIFIER = com.dodor.LandMarks;
				PRODUCT_NAME = "$(TARGET_NAME)";
				SWIFT_EMIT_LOC_STRINGS = YES;
				SWIFT_VERSION = 5.0;
				TARGETED_DEVICE_FAMILY = "1,2";
			};
			name = Release;
		};
/* End XCBuildConfiguration section */

/* Begin XCConfigurationList section */
		D83FDCC2298699400081D8BE /* Build configuration list for PBXProject "LandMarks" */ = {
			isa = XCConfigurationList;
			buildConfigurations = (
				D83FDCD3298699410081D8BE /* Debug */,
				D83FDCD4298699410081D8BE /* Release */,
			);
			defaultConfigurationIsVisible = 0;
			defaultConfigurationName = Release;
		};
		D83FDCD5298699410081D8BE /* Build configuration list for PBXNativeTarget "LandMarks" */ = {
			isa = XCConfigurationList;
			buildConfigurations = (
				D83FDCD6298699410081D8BE /* Debug */,
				D83FDCD7298699410081D8BE /* Release */,
			);
			defaultConfigurationIsVisible = 0;
			defaultConfigurationName = Release;
		};
/* End XCConfigurationList section */
	};
	rootObject = D83FDCBF298699400081D8BE /* Project object */;
}
